<Project xmlns="http://schemas.microsoft.com/developer/msbuild/2003">
  <PropertyGroup>
    <ProjectGuid>{8e110a79-365f-4fdd-8c16-bf6d0b8ee5ee}</ProjectGuid>
    <MainSource>CryptoBBoxD11.dpk</MainSource>
    <Configuration Condition=" '$(Configuration)' == '' ">Debug</Configuration>
    <Platform Condition=" '$(Platform)' == '' ">AnyCPU</Platform>
    <DCC_DCCCompiler>DCC32</DCC_DCCCompiler>
    <DCC_DependencyCheckOutputName>C:\Documents and Settings\All Users\Documents\RAD Studio\5.0\Bpl\CryptoBBoxD11.bpl</DCC_DependencyCheckOutputName>
  </PropertyGroup>
  <PropertyGroup Condition=" '$(Configuration)|$(Platform)' == 'Release|AnyCPU' ">
    <Version>7.0</Version>
    <DCC_DebugInformation>False</DCC_DebugInformation>
    <DCC_IOChecking>False</DCC_IOChecking>
    <DCC_WriteableConstants>True</DCC_WriteableConstants>
    <DCC_LocalDebugSymbols>False</DCC_LocalDebugSymbols>
    <DCC_SymbolReferenceInfo>0</DCC_SymbolReferenceInfo>
    <DCC_CBuilderOutput>All</DCC_CBuilderOutput>
    <DCC_Define>SB_CRYPTOPKG;RELEASE</DCC_Define>
  </PropertyGroup>
  <PropertyGroup Condition=" '$(Configuration)|$(Platform)' == 'Debug|AnyCPU' ">
    <Version>7.0</Version>
    <DCC_IOChecking>False</DCC_IOChecking>
    <DCC_WriteableConstants>True</DCC_WriteableConstants>
    <DCC_CBuilderOutput>All</DCC_CBuilderOutput>
    <DCC_Define>DEBUG</DCC_Define>
  </PropertyGroup>
  <ProjectExtensions>
    <Borland.Personality>Delphi.Personality</Borland.Personality>
    <Borland.ProjectType>Package</Borland.ProjectType>
    <BorlandProject>
<BorlandProject xmlns=""> <Delphi.Personality>   <Parameters>
      <Parameters Name="UseLauncher">False</Parameters>
      <Parameters Name="LoadAllSymbols">True</Parameters>
      <Parameters Name="LoadUnspecifiedSymbols">False</Parameters>
    </Parameters>
    <Package_Options>
      <Package_Options Name="PackageDescription">EldoS CryptoBlackbox</Package_Options>
      <Package_Options Name="ImplicitBuild">True</Package_Options>
      <Package_Options Name="DesigntimeOnly">False</Package_Options>
      <Package_Options Name="RuntimeOnly">False</Package_Options>
    </Package_Options>
    <VersionInfo>
      <VersionInfo Name="IncludeVerInfo">False</VersionInfo>
      <VersionInfo Name="AutoIncBuild">False</VersionInfo>
      <VersionInfo Name="MajorVer">1</VersionInfo>
      <VersionInfo Name="MinorVer">0</VersionInfo>
      <VersionInfo Name="Release">0</VersionInfo>
      <VersionInfo Name="Build">0</VersionInfo>
      <VersionInfo Name="Debug">False</VersionInfo>
      <VersionInfo Name="PreRelease">False</VersionInfo>
      <VersionInfo Name="Special">False</VersionInfo>
      <VersionInfo Name="Private">False</VersionInfo>
      <VersionInfo Name="DLL">False</VersionInfo>
      <VersionInfo Name="Locale">1033</VersionInfo>
      <VersionInfo Name="CodePage">1252</VersionInfo>
    </VersionInfo>
    <VersionInfoKeys>
      <VersionInfoKeys Name="FileVersion">1.0.0.0</VersionInfoKeys>
      <VersionInfoKeys Name="ProductVersion">1.0.0.0</VersionInfoKeys>
    </VersionInfoKeys>
    <Source>
      <Source Name="MainSource">CryptoBBoxD11.dpk</Source>
    </Source>
  </Delphi.Personality> </BorlandProject></BorlandProject>
  </ProjectExtensions>
  <ItemGroup />
  <ItemGroup>
    <DelphiCompile Include="CryptoBBoxD11.dpk">
      <MainSource>MainSource</MainSource>
    </DelphiCompile>
	<DCCReference Include="..\Sources\SBlicenseManager.pas"/>
	<DCCReference Include="..\Sources\SBAlgorithmIdentifier.pas"/>
	<DCCReference Include="..\Sources\SBTypes.pas"/>
	<DCCReference Include="..\Sources\SBUtils.pas"/>
	<DCCReference Include="..\Sources\SBStrUtils.pas"/>
	<DCCReference Include="..\Sources\SBStreams.pas"/>
	<DCCReference Include="..\Sources\SBEncoding.pas"/>
	<DCCReference Include="..\Sources\SBDES.pas"/>
	<DCCReference Include="..\Sources\SBMD.pas"/>
	<DCCReference Include="..\Sources\SBSHA.pas"/>
	<DCCReference Include="..\Sources\SBSHA2.pas"/>
	<DCCReference Include="..\Sources\SBHMAC.pas"/>
	<DCCReference Include="..\Sources\SBMath.pas"/>
	<DCCReference Include="..\Sources\SBRC2.pas"/>
	<DCCReference Include="..\Sources\SBRC4.pas"/>
	<DCCReference Include="..\Sources\SBAES.pas"/>
	<DCCReference Include="..\Sources\SBASN1.pas"/>
	<DCCReference Include="..\Sources\SBASN1Tree.pas"/>
	<DCCReference Include="..\Sources\SBPEM.pas"/>
	<DCCReference Include="..\Sources\SBRandom.pas"/>
	<DCCReference Include="..\Sources\SBRDN.pas"/>
	<DCCReference Include="..\Sources\SBWinCrypt.pas"/>
	<DCCReference Include="..\Sources\SBRIPEMD.pas"/>
	<DCCReference Include="..\Sources\SBConstants.pas"/>
	<DCCReference Include="..\Sources\SBBlowfish.pas"/>
	<DCCReference Include="..\Sources\SBTwofish.pas"/>
	<DCCReference Include="..\Sources\SBCamellia.pas"/>
	<DCCReference Include="..\Sources\SBCAST128.pas"/>
	<DCCReference Include="..\Sources\SBCRC.pas"/>
	<DCCReference Include="..\Sources\SBSerpent.pas"/>
	<DCCReference Include="..\Sources\SBSocket.pas"/>
	<DCCReference Include="..\Sources\SBElGamal.pas"/>
	<DCCReference Include="..\Sources\SBSharedResource.pas"/>
	<DCCReference Include="..\Sources\SBCustomCrypto.pas"/>
	<DCCReference Include="..\Sources\SBZCommonunit.pas"/>
	<DCCReference Include="..\Sources\SBZCompressUnit.pas"/>
	<DCCReference Include="..\Sources\SBZUncompressUnit.pas"/>
	<DCCReference Include="..\Sources\SBZlib.pas"/>
	<DCCReference Include="..\Sources\SBRabbit.pas"/>
	<DCCReference Include="..\Sources\SBSeed.pas"/>
	<DCCReference Include="..\Sources\SBTimer.pas"/>
	<DCCReference Include="..\Sources\SBCMSUtils.pas"/>
	<DCCReference Include="..\Sources\SBCryptoProv.pas"/>
	<DCCReference Include="..\Sources\SBCryptoProvRS.pas"/>
	<DCCReference Include="..\Sources\SBCryptoProvUtils.pas"/>
	<DCCReference Include="..\Sources\SBCryptoProvDefault.pas"/>
	<DCCReference Include="..\Sources\SBCryptoProvBuiltIn.pas"/>
	<DCCReference Include="..\Sources\SBCryptoProvBuiltInHash.pas"/>
	<DCCReference Include="..\Sources\SBCryptoProvBuiltInPKI.pas"/>
	<DCCReference Include="..\Sources\SBCryptoProvBuiltInSym.pas"/>
	<DCCReference Include="..\Sources\SBCryptoProvWin32.pas"/>
	<DCCReference Include="..\Sources\SBCryptoProvManager.pas"/>
	<DCCReference Include="..\Sources\SBMSKeyBlob.pas"/>
	<DCCReference Include="..\Sources\SBRSA.pas"/>
	<DCCReference Include="..\Sources\SBDSA.pas"/>
	<DCCReference Include="..\Sources\SBHashFunction.pas"/>
	<DCCReference Include="..\Sources\SBPKCS8.pas"/>
	<DCCReference Include="..\Sources\SBPKCS5.pas"/>
	<DCCReference Include="..\Sources\SBX509.pas"/>
	<DCCReference Include="..\Sources\SBX509Ext.pas"/>
	<DCCReference Include="..\Sources\SBCRL.pas"/>
	<DCCReference Include="..\Sources\SBCRLStorage.pas"/>
	<DCCReference Include="..\Sources\SBCertRetriever.pas"/>
	<DCCReference Include="..\Sources\SBCertValidator.pas"/>
	<DCCReference Include="..\Sources\SBJKS.pas"/>
	<DCCReference Include="..\Sources\SBPublicKeyCrypto.pas"/>
	<DCCReference Include="..\Sources\SBSymmetricCrypto.pas"/>
	<DCCReference Include="..\Sources\SBOCSPCommon.pas"/>
	<DCCReference Include="..\Sources\SBOCSPClient.pas"/>
	<DCCReference Include="..\Sources\SBOCSPStorage.pas"/>
	<DCCReference Include="..\Sources\SBPKIAsync.pas"/>
	<DCCReference Include="..\Sources\SBPKICommon.pas"/>
	<DCCReference Include="..\Sources\SBTSPCommon.pas"/>
	<DCCReference Include="..\Sources\SBTSPClient.pas"/>
	<DCCReference Include="..\Sources\SBSocketTSPClient.pas"/>
	<DCCReference Include="..\Sources\SBPKCS7.pas"/>
	<DCCReference Include="..\Sources\SBPKCS7Utils.pas"/>
	<DCCReference Include="..\Sources\SBPKCS12.pas"/>
	<DCCReference Include="..\Sources\SBMessages.pas"/>
	<DCCReference Include="..\Sources\SBCustomCertStorage.pas"/>
	<DCCReference Include="..\Sources\SBWinCertStorage.pas"/>
	<DCCReference Include="..\Sources\SBSRP.pas"/>
	<DCCReference Include="..\Sources\SBSMIMESignatures.pas"/>
	<DCCReference Include="..\Sources\SBUMAC.pas"/>
	<DCCReference Include="..\Sources\SBECCommon.pas"/>
	<DCCReference Include="..\Sources\SBECMath.pas"/>
	<DCCReference Include="..\Sources\SBECDSA.pas"/>
	<DCCReference Include="..\Sources\SBStringList.pas"/>
	<DCCReference Include="..\Sources\SBGOSTCommon.pas" />
	<DCCReference Include="..\Sources\SBGOST341194.pas" />
	<DCCReference Include="..\Sources\SBGOST341094.pas" />
	<DCCReference Include="..\Sources\SBGOST341001.pas" />
	<DCCReference Include="..\Sources\SBGOST2814789.pas" />
	<DCCReference Include="..\Sources\SBPunycode.pas" />
	<DCCReference Include="..\Sources\SBSASL.pas" />
	<DCCReference Include="..\Sources\SBHTTPSConstants.pas" />
	<DCCReference Include="..\Sources\SBHTTPAuth.pas" />
	<DCCReference Include="..\Sources\SBCryptoProvBuiltInEx.pas"/>
	<DCCReference Include="..\Sources\SBIDEA.pas"/>
	<DCCReference Include="..\Sources\SBBCrypt.pas"/>
	<DCCReference Include="..\Sources\SBWhirlpool.pas"/>

	<DCCReference Include="..\Sources\SBUnicode.pas"/>
	<DCCReference Include="..\Sources\SBChSCJK.pas"/>
	<DCCReference Include="..\Sources\SBChSCJKConsts.pas"/>
	<DCCReference Include="..\Sources\SBChSClasses.pas"/>
	<DCCReference Include="..\Sources\SBChSConv.pas"/>
	<DCCReference Include="..\Sources\SBChSConvBase.pas"/>
	<DCCReference Include="..\Sources\SBChSConvCharsets.pas"/>
	<DCCReference Include="..\Sources\SBChSConvConsts.pas"/>


    <DCCReference Include="secbbox.dcr" />
    <DCCReference Include="vcl.dcp" />
  </ItemGroup>
  <Import Project="$(MSBuildBinPath)\Borland.Delphi.Targets" />
</Project>